// !$*UTF8*$!
{
	archiveVersion = 1;
	classes = {
	};
	objectVersion = 46;
	objects = {

/* Begin PBXBuildFile section */
		94C897421E94C56900458677 /* LoginVC.swift in Sources */ = {isa = PBXBuildFile; fileRef = 94C897411E94C56900458677 /* LoginVC.swift */; };
		94C897441E94DB4D00458677 /* ProfileVC.swift in Sources */ = {isa = PBXBuildFile; fileRef = 94C897431E94DB4D00458677 /* ProfileVC.swift */; };
		94DEBB4F1E92F48E002AEBCB /* AppDelegate.swift in Sources */ = {isa = PBXBuildFile; fileRef = 94DEBB4E1E92F48E002AEBCB /* AppDelegate.swift */; };
		94DEBB511E92F48E002AEBCB /* PhotoVC.swift in Sources */ = {isa = PBXBuildFile; fileRef = 94DEBB501E92F48E002AEBCB /* PhotoVC.swift */; };
		94DEBB541E92F48E002AEBCB /* Main.storyboard in Resources */ = {isa = PBXBuildFile; fileRef = 94DEBB521E92F48E002AEBCB /* Main.storyboard */; };
		94DEBB561E92F48E002AEBCB /* Assets.xcassets in Resources */ = {isa = PBXBuildFile; fileRef = 94DEBB551E92F48E002AEBCB /* Assets.xcassets */; };
		94DEBB591E92F48E002AEBCB /* LaunchScreen.storyboard in Resources */ = {isa = PBXBuildFile; fileRef = 94DEBB571E92F48E002AEBCB /* LaunchScreen.storyboard */; };
/* End PBXBuildFile section */

/* Begin PBXFileReference section */
		94C897411E94C56900458677 /* LoginVC.swift */ = {isa = PBXFileReference; fileEncoding = 4; lastKnownFileType = sourcecode.swift; path = LoginVC.swift; sourceTree = "<group>"; };
		94C897431E94DB4D00458677 /* ProfileVC.swift */ = {isa = PBXFileReference; fileEncoding = 4; lastKnownFileType = sourcecode.swift; path = ProfileVC.swift; sourceTree = "<group>"; };
		94DEBB4B1E92F48E002AEBCB /* AboutMe.app */ = {isa = PBXFileReference; explicitFileType = wrapper.application; includeInIndex = 0; path = AboutMe.app; sourceTree = BUILT_PRODUCTS_DIR; };
		94DEBB4E1E92F48E002AEBCB /* AppDelegate.swift */ = {isa = PBXFileReference; lastKnownFileType = sourcecode.swift; path = AppDelegate.swift; sourceTree = "<group>"; };
		94DEBB501E92F48E002AEBCB /* PhotoVC.swift */ = {isa = PBXFileReference; lastKnownFileType = sourcecode.swift; path = PhotoVC.swift; sourceTree = "<group>"; };
		94DEBB531E92F48E002AEBCB /* Base */ = {isa = PBXFileReference; lastKnownFileType = file.storyboard; name = Base; path = Base.lproj/Main.storyboard; sourceTree = "<group>"; };
		94DEBB551E92F48E002AEBCB /* Assets.xcassets */ = {isa = PBXFileReference; lastKnownFileType = folder.assetcatalog; path = Assets.xcassets; sourceTree = "<group>"; };
		94DEBB581E92F48E002AEBCB /* Base */ = {isa = PBXFileReference; lastKnownFileType = file.storyboard; name = Base; path = Base.lproj/LaunchScreen.storyboard; sourceTree = "<group>"; };
		94DEBB5A1E92F48E002AEBCB /* Info.plist */ = {isa = PBXFileReference; lastKnownFileType = text.plist.xml; path = Info.plist; sourceTree = "<group>"; };
/* End PBXFileReference section */

/* Begin PBXFrameworksBuildPhase section */
		94DEBB481E92F48E002AEBCB /* Frameworks */ = {
			isa = PBXFrameworksBuildPhase;
			buildActionMask = 2147483647;
			files = (
			);
			runOnlyForDeploymentPostprocessing = 0;
		};
/* End PBXFrameworksBuildPhase section */

/* Begin PBXGroup section */
		94D1AFF91E931E49007BC2C5 /* Controllers */ = {
			isa = PBXGroup;
			children = (
				94DEBB501E92F48E002AEBCB /* PhotoVC.swift */,
				94C897411E94C56900458677 /* LoginVC.swift */,
				94C897431E94DB4D00458677 /* ProfileVC.swift */,
			);
			name = Controllers;
			sourceTree = "<group>";
		};
		94DEBB421E92F48E002AEBCB = {
			isa = PBXGroup;
			children = (
				94DEBB4D1E92F48E002AEBCB /* AboutMe */,
				94DEBB4C1E92F48E002AEBCB /* Products */,
			);
			sourceTree = "<group>";
		};
		94DEBB4C1E92F48E002AEBCB /* Products */ = {
			isa = PBXGroup;
			children = (
				94DEBB4B1E92F48E002AEBCB /* AboutMe.app */,
			);
			name = Products;
			sourceTree = "<group>";
		};
		94DEBB4D1E92F48E002AEBCB /* AboutMe */ = {
			isa = PBXGroup;
			children = (
				94D1AFF91E931E49007BC2C5 /* Controllers */,
				94DEBB4E1E92F48E002AEBCB /* AppDelegate.swift */,
				94DEBB521E92F48E002AEBCB /* Main.storyboard */,
				94DEBB551E92F48E002AEBCB /* Assets.xcassets */,
				94DEBB571E92F48E002AEBCB /* LaunchScreen.storyboard */,
				94DEBB5A1E92F48E002AEBCB /* Info.plist */,
			);
			path = AboutMe;
			sourceTree = "<group>";
		};
/* End PBXGroup section */

/* Begin PBXNativeTarget section */
		94DEBB4A1E92F48E002AEBCB /* AboutMe */ = {
			isa = PBXNativeTarget;
			buildConfigurationList = 94DEBB5D1E92F48E002AEBCB /* Build configuration list for PBXNativeTarget "AboutMe" */;
			buildPhases = (
				94DEBB471E92F48E002AEBCB /* Sources */,
				94DEBB481E92F48E002AEBCB /* Frameworks */,
				94DEBB491E92F48E002AEBCB /* Resources */,
			);
			buildRules = (
			);
			dependencies = (
			);
			name = AboutMe;
			productName = AboutMe;
			productReference = 94DEBB4B1E92F48E002AEBCB /* AboutMe.app */;
			productType = "com.apple.product-type.application";
		};
/* End PBXNativeTarget section */

/* Begin PBXProject section */
		94DEBB431E92F48E002AEBCB /* Project object */ = {
			isa = PBXProject;
			attributes = {
				LastSwiftUpdateCheck = 0830;
				LastUpgradeCheck = 0830;
				ORGANIZATIONNAME = "Keagan Sweeney";
				TargetAttributes = {
					94DEBB4A1E92F48E002AEBCB = {
						CreatedOnToolsVersion = 8.3;
						DevelopmentTeam = SN222F2TEG;
						ProvisioningStyle = Automatic;
					};
				};
			};
			buildConfigurationList = 94DEBB461E92F48E002AEBCB /* Build configuration list for PBXProject "AboutMe" */;
			compatibilityVersion = "Xcode 3.2";
			developmentRegion = English;
			hasScannedForEncodings = 0;
			knownRegions = (
				en,
				Base,
			);
			mainGroup = 94DEBB421E92F48E002AEBCB;
			productRefGroup = 94DEBB4C1E92F48E002AEBCB /* Products */;
			projectDirPath = "";
			projectRoot = "";
			targets = (
				94DEBB4A1E92F48E002AEBCB /* AboutMe */,
			);
		};
/* End PBXProject section */

/* Begin PBXResourcesBuildPhase section */
		94DEBB491E92F48E002AEBCB /* Resources */ = {
			isa = PBXResourcesBuildPhase;
			buildActionMask = 2147483647;
			files = (
				94DEBB591E92F48E002AEBCB /* LaunchScreen.storyboard in Resources */,
				94DEBB561E92F48E002AEBCB /* Assets.xcassets in Resources */,
				94DEBB541E92F48E002AEBCB /* Main.storyboard in Resources */,
			);
			runOnlyForDeploymentPostprocessing = 0;
		};
/* End PBXResourcesBuildPhase section */

/* Begin PBXSourcesBuildPhase section */
		94DEBB471E92F48E002AEBCB /* Sources */ = {
			isa = PBXSourcesBuildPhase;
			buildActionMask = 2147483647;
			files = (
				94C897441E94DB4D00458677 /* ProfileVC.swift in Sources */,
				94DEBB511E92F48E002AEBCB /* PhotoVC.swift in Sources */,
				94C897421E94C56900458677 /* LoginVC.swift in Sources */,
				94DEBB4F1E92F48E002AEBCB /* AppDelegate.swift in Sources */,
			);
			runOnlyForDeploymentPostprocessing = 0;
		};
/* End PBXSourcesBuildPhase section */

/* Begin PBXVariantGroup section */
		94DEBB521E92F48E002AEBCB /* Main.storyboard */ = {
			isa = PBXVariantGroup;
			children = (
				94DEBB531E92F48E002AEBCB /* Base */,
			);
			name = Main.storyboard;
			sourceTree = "<group>";
		};
		94DEBB571E92F48E002AEBCB /* LaunchScreen.storyboard */ = {
			isa = PBXVariantGroup;
			children = (
				94DEBB581E92F48E002AEBCB /* Base */,
			);
			name = LaunchScreen.storyboard;
			sourceTree = "<group>";
		};
/* End PBXVariantGroup section */

/* Begin XCBuildConfiguration section */
		94DEBB5B1E92F48E002AEBCB /* Debug */ = {
			isa = XCBuildConfiguration;
			buildSettings = {
				ALWAYS_SEARCH_USER_PATHS = NO;
				CLANG_ANALYZER_NONNULL = YES;
				CLANG_ANALYZER_NUMBER_OBJECT_CONVERSION = YES_AGGRESSIVE;
				CLANG_CXX_LANGUAGE_STANDARD = "gnu++0x";
				CLANG_CXX_LIBRARY = "libc++";
				CLANG_ENABLE_MODULES = YES;
				CLANG_ENABLE_OBJC_ARC = YES;
				CLANG_WARN_BOOL_CONVERSION = YES;
				CLANG_WARN_CONSTANT_CONVERSION = YES;
				CLANG_WARN_DIRECT_OBJC_ISA_USAGE = YES_ERROR;
				CLANG_WARN_DOCUMENTATION_COMMENTS = YES;
				CLANG_WARN_EMPTY_BODY = YES;
				CLANG_WARN_ENUM_CONVERSION = YES;
				CLANG_WARN_INFINITE_RECURSION = YES;
				CLANG_WARN_INT_CONVERSION = YES;
				CLANG_WARN_OBJC_ROOT_CLASS = YES_ERROR;
				CLANG_WARN_SUSPICIOUS_MOVE = YES;
				CLANG_WARN_UNREACHABLE_CODE = YES;
				CLANG_WARN__DUPLICATE_METHOD_MATCH = YES;
				"CODE_SIGN_IDENTITY[sdk=iphoneos*]" = "iPhone Developer";
				COPY_PHASE_STRIP = NO;
				DEBUG_INFORMATION_FORMAT = dwarf;
				ENABLE_STRICT_OBJC_MSGSEND = YES;
				ENABLE_TESTABILITY = YES;
				GCC_C_LANGUAGE_STANDARD = gnu99;
				GCC_DYNAMIC_NO_PIC = NO;
				GCC_NO_COMMON_BLOCKS = YES;
				GCC_OPTIMIZATION_LEVEL = 0;
				GCC_PREPROCESSOR_DEFINITIONS = (
					"DEBUG=1",
					"$(inherited)",
				);
				GCC_WARN_64_TO_32_BIT_CONVERSION = YES;
				GCC_WARN_ABOUT_RETURN_TYPE = YES_ERROR;
				GCC_WARN_UNDECLARED_SELECTOR = YES;
				GCC_WARN_UNINITIALIZED_AUTOS = YES_AGGRESSIVE;
				GCC_WARN_UNUSED_FUNCTION = YES;
				GCC_WARN_UNUSED_VARIABLE = YES;
				IPHONEOS_DEPLOYMENT_TARGET = 10.3;
				MTL_ENABLE_DEBUG_INFO = YES;
				ONLY_ACTIVE_ARCH = YES;
				SDKROOT = iphoneos;
				SWIFT_ACTIVE_COMPILATION_CONDITIONS = DEBUG;
				SWIFT_OPTIMIZATION_LEVEL = "-Onone";
				TARGETED_DEVICE_FAMILY = "1,2";
			};
			name = Debug;
		};
		94DEBB5C1E92F48E002AEBCB /* Release */ = {
			isa = XCBuildConfiguration;
			buildSettings = {
				ALWAYS_SEARCH_USER_PATHS = NO;
				CLANG_ANALYZER_NONNULL = YES;
				CLANG_ANALYZER_NUMBER_OBJECT_CONVERSION = YES_AGGRESSIVE;
				CLANG_CXX_LANGUAGE_STANDARD = "gnu++0x";
				CLANG_CXX_LIBRARY = "libc++";
				CLANG_ENABLE_MODULES = YES;
				CLANG_ENABLE_OBJC_ARC = YES;
				CLANG_WARN_BOOL_CONVERSION = YES;
				CLANG_WARN_CONSTANT_CONVERSION = YES;
				CLANG_WARN_DIRECT_OBJC_ISA_USAGE = YES_ERROR;
				CLANG_WARN_DOCUMENTATION_COMMENTS = YES;
				CLANG_WARN_EMPTY_BODY = YES;
				CLANG_WARN_ENUM_CONVERSION = YES;
				CLANG_WARN_INFINITE_RECURSION = YES;
				CLANG_WARN_INT_CONVERSION = YES;
				CLANG_WARN_OBJC_ROOT_CLASS = YES_ERROR;
				CLANG_WARN_SUSPICIOUS_MOVE = YES;
				CLANG_WARN_UNREACHABLE_CODE = YES;
				CLANG_WARN__DUPLICATE_METHOD_MATCH = YES;
				"CODE_SIGN_IDENTITY[sdk=iphoneos*]" = "iPhone Developer";
				COPY_PHASE_STRIP = NO;
				DEBUG_INFORMATION_FORMAT = "dwarf-with-dsym";
				ENABLE_NS_ASSERTIONS = NO;
				ENABLE_STRICT_OBJC_MSGSEND = YES;
				GCC_C_LANGUAGE_STANDARD = gnu99;
				GCC_NO_COMMON_BLOCKS = YES;
				GCC_WARN_64_TO_32_BIT_CONVERSION = YES;
				GCC_WARN_ABOUT_RETURN_TYPE = YES_ERROR;
				GCC_WARN_UNDECLARED_SELECTOR = YES;
				GCC_WARN_UNINITIALIZED_AUTOS = YES_AGGRESSIVE;
				GCC_WARN_UNUSED_FUNCTION = YES;
				GCC_WARN_UNUSED_VARIABLE = YES;
				IPHONEOS_DEPLOYMENT_TARGET = 10.3;
				MTL_ENABLE_DEBUG_INFO = NO;
				SDKROOT = iphoneos;
				SWIFT_OPTIMIZATION_LEVEL = "-Owholemodule";
				TARGETED_DEVICE_FAMILY = "1,2";
				VALIDATE_PRODUCT = YES;
			};
			name = Release;
		};
		94DEBB5E1E92F48E002AEBCB /* Debug */ = {
			isa = XCBuildConfiguration;
			buildSettings = {
				ASSETCATALOG_COMPILER_APPICON_NAME = AppIcon;
				DEVELOPMENT_TEAM = SN222F2TEG;
				INFOPLIST_FILE = AboutMe/Info.plist;
				IPHONEOS_DEPLOYMENT_TARGET = 10.2;
				LD_RUNPATH_SEARCH_PATHS = "$(inherited) @executable_path/Frameworks";
				PRODUCT_BUNDLE_IDENTIFIER = com.KeaganSweeney.AboutMe;
				PRODUCT_NAME = "$(TARGET_NAME)";
				SWIFT_VERSION = 3.0;
			};
			name = Debug;
		};
		94DEBB5F1E92F48E002AEBCB /* Release */ = {
			isa = XCBuildConfiguration;
			buildSettings = {
				ASSETCATALOG_COMPILER_APPICON_NAME = AppIcon;
				DEVELOPMENT_TEAM = SN222F2TEG;
				INFOPLIST_FILE = AboutMe/Info.plist;
				IPHONEOS_DEPLOYMENT_TARGET = 10.2;
				LD_RUNPATH_SEARCH_PATHS = "$(inherited) @executable_path/Frameworks";
				PRODUCT_BUNDLE_IDENTIFIER = com.KeaganSweeney.AboutMe;
				PRODUCT_NAME = "$(TARGET_NAME)";
				SWIFT_VERSION = 3.0;
			};
			name = Release;
		};
/* End XCBuildConfiguration section */

/* Begin XCConfigurationList section */
		94DEBB461E92F48E002AEBCB /* Build configuration list for PBXProject "AboutMe" */ = {
			isa = XCConfigurationList;
			buildConfigurations = (
				94DEBB5B1E92F48E002AEBCB /* Debug */,
				94DEBB5C1E92F48E002AEBCB /* Release */,
			);
			defaultConfigurationIsVisible = 0;
			defaultConfigurationName = Release;
		};
		94DEBB5D1E92F48E002AEBCB /* Build configuration list for PBXNativeTarget "AboutMe" */ = {
			isa = XCConfigurationList;
			buildConfigurations = (
				94DEBB5E1E92F48E002AEBCB /* Debug */,
				94DEBB5F1E92F48E002AEBCB /* Release */,
			);
			defaultConfigurationIsVisible = 0;
			defaultConfigurationName = Release;
		};
/* End XCConfigurationList section */
	};
	rootObject = 94DEBB431E92F48E002AEBCB /* Project object */;
}
